
Microsoft Visual Studio Solution File, Format Version 12.00
# Visual Studio Version 17
VisualStudioVersion = 17.0.31423.177
MinimumVisualStudioVersion = 10.0.40219.1
Project("{9A19103F-16F7-4668-BE54-9A1E7A4F7556}") = "Netension.Extensions.Correlation", "Netension.Extensions.Correlation\Netension.Extensions.Correlation.csproj", "{E90AAB3D-7BF8-404E-A965-F0F14800C726}"
EndProject
Project("{9A19103F-16F7-4668-BE54-9A1E7A4F7556}") = "Netension.Extensions.Security", "Netension.Extensions.Security\Netension.Extensions.Security.csproj", "{23CC0882-447F-4732-8E20-EE3E8DBEF651}"
EndProject
Project("{FAE04EC0-301F-11D3-BF4B-00C04F79EFBC}") = "Netension.Extensions.Logging", "Netension.Extensions.Logging\Netension.Extensions.Logging.csproj", "{D91E356D-A704-4EAA-9857-3D5B67D29485}"
EndProject
Project("{FAE04EC0-301F-11D3-BF4B-00C04F79EFBC}") = "Netension.Extensions.Http", "Netension.Extensions.Http\Netension.Extensions.Http.csproj", "{D3422637-B340-445A-A1E4-E61E6AD77792}"
EndProject
Global
	GlobalSection(SolutionConfigurationPlatforms) = preSolution
		Debug|Any CPU = Debug|Any CPU
		Release|Any CPU = Release|Any CPU
	EndGlobalSection
	GlobalSection(ProjectConfigurationPlatforms) = postSolution
		{E90AAB3D-7BF8-404E-A965-F0F14800C726}.Debug|Any CPU.ActiveCfg = Debug|Any CPU
		{E90AAB3D-7BF8-404E-A965-F0F14800C726}.Debug|Any CPU.Build.0 = Debug|Any CPU
		{E90AAB3D-7BF8-404E-A965-F0F14800C726}.Release|Any CPU.ActiveCfg = Release|Any CPU
		{E90AAB3D-7BF8-404E-A965-F0F14800C726}.Release|Any CPU.Build.0 = Release|Any CPU
		{23CC0882-447F-4732-8E20-EE3E8DBEF651}.Debug|Any CPU.ActiveCfg = Debug|Any CPU
		{23CC0882-447F-4732-8E20-EE3E8DBEF651}.Debug|Any CPU.Build.0 = Debug|Any CPU
		{23CC0882-447F-4732-8E20-EE3E8DBEF651}.Release|Any CPU.ActiveCfg = Release|Any CPU
		{23CC0882-447F-4732-8E20-EE3E8DBEF651}.Release|Any CPU.Build.0 = Release|Any CPU
		{D91E356D-A704-4EAA-9857-3D5B67D29485}.Debug|Any CPU.ActiveCfg = Debug|Any CPU
		{D91E356D-A704-4EAA-9857-3D5B67D29485}.Debug|Any CPU.Build.0 = Debug|Any CPU
		{D91E356D-A704-4EAA-9857-3D5B67D29485}.Release|Any CPU.ActiveCfg = Release|Any CPU
		{D91E356D-A704-4EAA-9857-3D5B67D29485}.Release|Any CPU.Build.0 = Release|Any CPU
		{D3422637-B340-445A-A1E4-E61E6AD77792}.Debug|Any CPU.ActiveCfg = Debug|Any CPU
		{D3422637-B340-445A-A1E4-E61E6AD77792}.Debug|Any CPU.Build.0 = Debug|Any CPU
		{D3422637-B340-445A-A1E4-E61E6AD77792}.Release|Any CPU.ActiveCfg = Release|Any CPU
		{D3422637-B340-445A-A1E4-E61E6AD77792}.Release|Any CPU.Build.0 = Release|Any CPU
	EndGlobalSection
	GlobalSection(SolutionProperties) = preSolution
		HideSolutionNode = FALSE
	EndGlobalSection
	GlobalSection(ExtensibilityGlobals) = postSolution
		SolutionGuid = {A622FCB5-B501-499B-813C-29B6AB46B5B5}
	EndGlobalSection
EndGlobal
