
Microsoft Visual Studio Solution File, Format Version 12.00
# Visual Studio Version 16
VisualStudioVersion = 16.0.30804.86
MinimumVisualStudioVersion = 10.0.40219.1
Project("{FAE04EC0-301F-11D3-BF4B-00C04F79EFBC}") = "Netension.Extensions.Correlation", "Netension.Extensions.Correlation\Netension.Extensions.Correlation.csproj", "{E90AAB3D-7BF8-404E-A965-F0F14800C726}"
EndProject
Global
	GlobalSection(SolutionConfigurationPlatforms) = preSolution
		Debug|Any CPU = Debug|Any CPU
		Release|Any CPU = Release|Any CPU
	EndGlobalSection
	GlobalSection(ProjectConfigurationPlatforms) = postSolution
		{E90AAB3D-7BF8-404E-A965-F0F14800C726}.Debug|Any CPU.ActiveCfg = Debug|Any CPU
		{E90AAB3D-7BF8-404E-A965-F0F14800C726}.Debug|Any CPU.Build.0 = Debug|Any CPU
		{E90AAB3D-7BF8-404E-A965-F0F14800C726}.Release|Any CPU.ActiveCfg = Release|Any CPU
		{E90AAB3D-7BF8-404E-A965-F0F14800C726}.Release|Any CPU.Build.0 = Release|Any CPU
	EndGlobalSection
	GlobalSection(SolutionProperties) = preSolution
		HideSolutionNode = FALSE
	EndGlobalSection
	GlobalSection(ExtensibilityGlobals) = postSolution
		SolutionGuid = {A622FCB5-B501-499B-813C-29B6AB46B5B5}
	EndGlobalSection
EndGlobal
